# This file is automatically @generated by Cargo.
# It is not intended for manual editing.
version = 3

[[package]]
name = "console_client"
version = "0.0.0"
dependencies = [
 "smtp_session",
]

[[package]]
name = "smtp_session"
version = "0.0.0"

[[package]]
name = "ui_client"
version = "0.0.0"
dependencies = [
 "smtp_session",
]
